
Microsoft Visual Studio Solution File, Format Version 12.00
# Visual Studio 15
Project("{FAE04EC0-301F-11D3-BF4B-00C04F79EFBC}") = "UniRx", "UniRx.csproj", "{4F6BE9CA-A185-9A46-E9C7-21F5457F3115}"
EndProject
Project("{FAE04EC0-301F-11D3-BF4B-00C04F79EFBC}") = "Assembly-CSharp", "Assembly-CSharp.csproj", "{1182D5A5-D0B8-ABEC-4282-4E41AE6CA09B}"
EndProject
Project("{FAE04EC0-301F-11D3-BF4B-00C04F79EFBC}") = "UniRx.Examples", "UniRx.Examples.csproj", "{F42EE165-414C-C530-5EBB-76B5DD79676C}"
EndProject
Global
	GlobalSection(SolutionConfigurationPlatforms) = preSolution
		Debug|Any CPU = Debug|Any CPU
		Release|Any CPU = Release|Any CPU
	EndGlobalSection
	GlobalSection(ProjectConfigurationPlatforms) = postSolution
		{4F6BE9CA-A185-9A46-E9C7-21F5457F3115}.Debug|Any CPU.ActiveCfg = Debug|Any CPU
		{4F6BE9CA-A185-9A46-E9C7-21F5457F3115}.Debug|Any CPU.Build.0 = Debug|Any CPU
		{4F6BE9CA-A185-9A46-E9C7-21F5457F3115}.Release|Any CPU.ActiveCfg = Release|Any CPU
		{4F6BE9CA-A185-9A46-E9C7-21F5457F3115}.Release|Any CPU.Build.0 = Release|Any CPU
		{1182D5A5-D0B8-ABEC-4282-4E41AE6CA09B}.Debug|Any CPU.ActiveCfg = Debug|Any CPU
		{1182D5A5-D0B8-ABEC-4282-4E41AE6CA09B}.Debug|Any CPU.Build.0 = Debug|Any CPU
		{1182D5A5-D0B8-ABEC-4282-4E41AE6CA09B}.Release|Any CPU.ActiveCfg = Release|Any CPU
		{1182D5A5-D0B8-ABEC-4282-4E41AE6CA09B}.Release|Any CPU.Build.0 = Release|Any CPU
		{F42EE165-414C-C530-5EBB-76B5DD79676C}.Debug|Any CPU.ActiveCfg = Debug|Any CPU
		{F42EE165-414C-C530-5EBB-76B5DD79676C}.Debug|Any CPU.Build.0 = Debug|Any CPU
		{F42EE165-414C-C530-5EBB-76B5DD79676C}.Release|Any CPU.ActiveCfg = Release|Any CPU
		{F42EE165-414C-C530-5EBB-76B5DD79676C}.Release|Any CPU.Build.0 = Release|Any CPU
	EndGlobalSection
	GlobalSection(SolutionProperties) = preSolution
		HideSolutionNode = FALSE
	EndGlobalSection
EndGlobal
